github.com/Motmedel/utils_go v0.0.376 h1:Sz0316dTnYd5/RJZkBMTATKAVr5CRzqT0nheRueDwAY=
github.com/Motmedel/utils_go v0.0.376/go.mod h1:st9wrD7tyw4AM64tOD7rs0vO7tMxmXQC1Apm48B+4Q4=
github.com/vphpersson/type_generation v0.0.20 h1:RnOGTWc6JO9cI4DDgSYN7zfpUJbL1P+rZUFCwuiEVKI=
github.com/vphpersson/type_generation v0.0.20/go.mod h1:GZbqq3ERMi7uKVM/1rHfrv2nSOg51GZPHS5SsnvhZaU=
golang.org/x/net v0.49.0 h1:eeHFmOGUTtaaPSGNmjBKpbng9MulQsJURQUAfUwY++o=
golang.org/x/net v0.49.0/go.mod h1:/ysNB2EvaqvesRkuLAyjI1ycPZlQHM3q01F02UY/MV8=
golang.org/x/text v0.33.0 h1:B3njUFyqtHDUI5jMn1YIr5B0IE2U0qck04r6d4KPAxE=
golang.org/x/text v0.33.0/go.mod h1:LuMebE6+rBincTi9+xWTY8TztLzKHc/9C1uBCG27+q8=
